
Microsoft Visual Studio Solution File, Format Version 12.00
# Visual Studio 15
VisualStudioVersion = 15.0.28010.2046
MinimumVisualStudioVersion = 10.0.40219.1
Project("{9A19103F-16F7-4668-BE54-9A1E7A4F7556}") = "sdk", "sdk\sdk.csproj", "{A22F45ED-3C31-45A1-ACDB-F8BA01901DB2}"
EndProject
Project("{9A19103F-16F7-4668-BE54-9A1E7A4F7556}") = "tool", "tool\tool.csproj", "{D7E8B890-684C-4CBA-99B8-AAFC1AA78E90}"
EndProject
Global
	GlobalSection(SolutionConfigurationPlatforms) = preSolution
		Debug|Any CPU = Debug|Any CPU
		Release|Any CPU = Release|Any CPU
	EndGlobalSection
	GlobalSection(ProjectConfigurationPlatforms) = postSolution
		{A22F45ED-3C31-45A1-ACDB-F8BA01901DB2}.Debug|Any CPU.ActiveCfg = Debug|Any CPU
		{A22F45ED-3C31-45A1-ACDB-F8BA01901DB2}.Debug|Any CPU.Build.0 = Debug|Any CPU
		{A22F45ED-3C31-45A1-ACDB-F8BA01901DB2}.Release|Any CPU.ActiveCfg = Release|Any CPU
		{A22F45ED-3C31-45A1-ACDB-F8BA01901DB2}.Release|Any CPU.Build.0 = Release|Any CPU
		{D7E8B890-684C-4CBA-99B8-AAFC1AA78E90}.Debug|Any CPU.ActiveCfg = Debug|Any CPU
		{D7E8B890-684C-4CBA-99B8-AAFC1AA78E90}.Debug|Any CPU.Build.0 = Debug|Any CPU
		{D7E8B890-684C-4CBA-99B8-AAFC1AA78E90}.Release|Any CPU.ActiveCfg = Release|Any CPU
		{D7E8B890-684C-4CBA-99B8-AAFC1AA78E90}.Release|Any CPU.Build.0 = Release|Any CPU
	EndGlobalSection
	GlobalSection(SolutionProperties) = preSolution
		HideSolutionNode = FALSE
	EndGlobalSection
	GlobalSection(ExtensibilityGlobals) = postSolution
		SolutionGuid = {BFE2F70C-BC34-4E5C-82F0-1481CB0DAFA0}
	EndGlobalSection
EndGlobal
